
Microsoft Visual Studio Solution File, Format Version 12.00
# Visual Studio Version 17
VisualStudioVersion = 17.0.32014.148
MinimumVisualStudioVersion = 10.0.40219.1
Project("{2150E333-8FDC-42A3-9474-1A3956D46DE8}") = "API", "API", "{E93E8423-20E7-402E-AFB1-25C939B75664}"
EndProject
Project("{2150E333-8FDC-42A3-9474-1A3956D46DE8}") = "Core", "Core", "{57A0EDEB-F6A7-4EEE-98D4-AEE6B6741414}"
EndProject
Project("{2150E333-8FDC-42A3-9474-1A3956D46DE8}") = "src", "src", "{3CE80B68-52D4-4394-95F9-DDE294801DC0}"
EndProject
Project("{2150E333-8FDC-42A3-9474-1A3956D46DE8}") = "tests", "tests", "{7D30F611-71EF-4715-B175-2736CDFC10FA}"
EndProject
Project("{2150E333-8FDC-42A3-9474-1A3956D46DE8}") = "Infrastructure", "Infrastructure", "{C424BB07-9757-4A4E-B272-9A208AE339DB}"
EndProject
Project("{9A19103F-16F7-4668-BE54-9A1E7A4F7556}") = "ADT.Flareon.Api", "ADT.Flareon.Api\ADT.Flareon.Api.csproj", "{A2F33022-B75A-41AF-B272-F4614ABD8114}"
EndProject
Project("{9A19103F-16F7-4668-BE54-9A1E7A4F7556}") = "ADT.Flareon.Application", "ADT.Flareon.Application\ADT.Flareon.Application.csproj", "{5D99C976-1DBD-4E00-8298-2AB77E7F3FB3}"
EndProject
Project("{9A19103F-16F7-4668-BE54-9A1E7A4F7556}") = "ADT.Flareon.Domain", "ADT.Flareon.Domain\ADT.Flareon.Domain.csproj", "{117410D9-5F8F-46C7-A361-D3F3D0CE8846}"
EndProject
Project("{9A19103F-16F7-4668-BE54-9A1E7A4F7556}") = "ADT.Flareon.Infrastructure", "ADT.Flareon.Infrastructure\ADT.Flareon.Infrastructure.csproj", "{D1D8667E-0DDF-4171-9759-3D42AAE92BC2}"
EndProject
Project("{9A19103F-16F7-4668-BE54-9A1E7A4F7556}") = "ADT.Flareon.Persistence", "ADT.Flareon.Persistence\ADT.Flareon.Persistence.csproj", "{3A87DC18-B8B1-4CBC-9AA3-B09B88D5A005}"
EndProject
Project("{9A19103F-16F7-4668-BE54-9A1E7A4F7556}") = "ADT.Flareon.Application.UnitTests", "ADT.Flareon.UnitTests\ADT.Flareon.Application.UnitTests.csproj", "{3ED32D71-1D78-4E9B-B046-734B4E1AEEE3}"
EndProject
Global
	GlobalSection(SolutionConfigurationPlatforms) = preSolution
		Debug|Any CPU = Debug|Any CPU
		Release|Any CPU = Release|Any CPU
	EndGlobalSection
	GlobalSection(ProjectConfigurationPlatforms) = postSolution
		{A2F33022-B75A-41AF-B272-F4614ABD8114}.Debug|Any CPU.ActiveCfg = Debug|Any CPU
		{A2F33022-B75A-41AF-B272-F4614ABD8114}.Debug|Any CPU.Build.0 = Debug|Any CPU
		{A2F33022-B75A-41AF-B272-F4614ABD8114}.Release|Any CPU.ActiveCfg = Release|Any CPU
		{A2F33022-B75A-41AF-B272-F4614ABD8114}.Release|Any CPU.Build.0 = Release|Any CPU
		{5D99C976-1DBD-4E00-8298-2AB77E7F3FB3}.Debug|Any CPU.ActiveCfg = Debug|Any CPU
		{5D99C976-1DBD-4E00-8298-2AB77E7F3FB3}.Debug|Any CPU.Build.0 = Debug|Any CPU
		{5D99C976-1DBD-4E00-8298-2AB77E7F3FB3}.Release|Any CPU.ActiveCfg = Release|Any CPU
		{5D99C976-1DBD-4E00-8298-2AB77E7F3FB3}.Release|Any CPU.Build.0 = Release|Any CPU
		{117410D9-5F8F-46C7-A361-D3F3D0CE8846}.Debug|Any CPU.ActiveCfg = Debug|Any CPU
		{117410D9-5F8F-46C7-A361-D3F3D0CE8846}.Debug|Any CPU.Build.0 = Debug|Any CPU
		{117410D9-5F8F-46C7-A361-D3F3D0CE8846}.Release|Any CPU.ActiveCfg = Release|Any CPU
		{117410D9-5F8F-46C7-A361-D3F3D0CE8846}.Release|Any CPU.Build.0 = Release|Any CPU
		{D1D8667E-0DDF-4171-9759-3D42AAE92BC2}.Debug|Any CPU.ActiveCfg = Debug|Any CPU
		{D1D8667E-0DDF-4171-9759-3D42AAE92BC2}.Debug|Any CPU.Build.0 = Debug|Any CPU
		{D1D8667E-0DDF-4171-9759-3D42AAE92BC2}.Release|Any CPU.ActiveCfg = Release|Any CPU
		{D1D8667E-0DDF-4171-9759-3D42AAE92BC2}.Release|Any CPU.Build.0 = Release|Any CPU
		{3A87DC18-B8B1-4CBC-9AA3-B09B88D5A005}.Debug|Any CPU.ActiveCfg = Debug|Any CPU
		{3A87DC18-B8B1-4CBC-9AA3-B09B88D5A005}.Debug|Any CPU.Build.0 = Debug|Any CPU
		{3A87DC18-B8B1-4CBC-9AA3-B09B88D5A005}.Release|Any CPU.ActiveCfg = Release|Any CPU
		{3A87DC18-B8B1-4CBC-9AA3-B09B88D5A005}.Release|Any CPU.Build.0 = Release|Any CPU
		{3ED32D71-1D78-4E9B-B046-734B4E1AEEE3}.Debug|Any CPU.ActiveCfg = Debug|Any CPU
		{3ED32D71-1D78-4E9B-B046-734B4E1AEEE3}.Debug|Any CPU.Build.0 = Debug|Any CPU
		{3ED32D71-1D78-4E9B-B046-734B4E1AEEE3}.Release|Any CPU.ActiveCfg = Release|Any CPU
		{3ED32D71-1D78-4E9B-B046-734B4E1AEEE3}.Release|Any CPU.Build.0 = Release|Any CPU
	EndGlobalSection
	GlobalSection(SolutionProperties) = preSolution
		HideSolutionNode = FALSE
	EndGlobalSection
	GlobalSection(NestedProjects) = preSolution
		{E93E8423-20E7-402E-AFB1-25C939B75664} = {3CE80B68-52D4-4394-95F9-DDE294801DC0}
		{57A0EDEB-F6A7-4EEE-98D4-AEE6B6741414} = {3CE80B68-52D4-4394-95F9-DDE294801DC0}
		{C424BB07-9757-4A4E-B272-9A208AE339DB} = {3CE80B68-52D4-4394-95F9-DDE294801DC0}
		{A2F33022-B75A-41AF-B272-F4614ABD8114} = {E93E8423-20E7-402E-AFB1-25C939B75664}
		{5D99C976-1DBD-4E00-8298-2AB77E7F3FB3} = {57A0EDEB-F6A7-4EEE-98D4-AEE6B6741414}
		{117410D9-5F8F-46C7-A361-D3F3D0CE8846} = {57A0EDEB-F6A7-4EEE-98D4-AEE6B6741414}
		{D1D8667E-0DDF-4171-9759-3D42AAE92BC2} = {C424BB07-9757-4A4E-B272-9A208AE339DB}
		{3A87DC18-B8B1-4CBC-9AA3-B09B88D5A005} = {C424BB07-9757-4A4E-B272-9A208AE339DB}
		{3ED32D71-1D78-4E9B-B046-734B4E1AEEE3} = {7D30F611-71EF-4715-B175-2736CDFC10FA}
	EndGlobalSection
	GlobalSection(ExtensibilityGlobals) = postSolution
		SolutionGuid = {DC725C73-4A7E-42CE-99BD-616F6E636D46}
	EndGlobalSection
EndGlobal
